
Microsoft Visual Studio Solution File, Format Version 12.00
# Visual Studio Version 17
VisualStudioVersion = 17.13.35919.96
MinimumVisualStudioVersion = 10.0.40219.1
Project("{FE7A1B72-C5B7-4D7C-BB7D-76384D4DE8E1}") = "HmiProject", "HmiProject\HmiProject.hmiproj", "{48AB5A28-21AC-4029-9DB2-CA6B6B988A20}"
EndProject
Project("{3B740506-4966-4147-AB1F-357FE08946EA}") = "FrameworkProject", "FrameworkProject\FrameworkProject.hmiextproj", "{A9746F03-88D5-4989-B68F-68172F3D0D6D}"
EndProject
Project("{B1E792BE-AA5F-4E3C-8C82-674BF9C0715B}") = "TwinCAT Project", "TwinCAT Project\TwinCAT Project.tsproj", "{D31B8C90-BD4F-5ABF-7402-F837977ABC94}"
EndProject
Global
	GlobalSection(SolutionConfigurationPlatforms) = preSolution
		Debug|TwinCAT HMI = Debug|TwinCAT HMI
		Debug|TwinCAT OS (ARMV7-A) = Debug|TwinCAT OS (ARMV7-A)
		Debug|TwinCAT OS (ARMV7-M) = Debug|TwinCAT OS (ARMV7-M)
		Debug|TwinCAT OS (ARMV8-A) = Debug|TwinCAT OS (ARMV8-A)
		Debug|TwinCAT OS (x64) = Debug|TwinCAT OS (x64)
		Debug|TwinCAT RT (x64) = Debug|TwinCAT RT (x64)
		Debug|TwinCAT RT (x86) = Debug|TwinCAT RT (x86)
		Release|TwinCAT HMI = Release|TwinCAT HMI
		Release|TwinCAT OS (ARMV7-A) = Release|TwinCAT OS (ARMV7-A)
		Release|TwinCAT OS (ARMV7-M) = Release|TwinCAT OS (ARMV7-M)
		Release|TwinCAT OS (ARMV8-A) = Release|TwinCAT OS (ARMV8-A)
		Release|TwinCAT OS (x64) = Release|TwinCAT OS (x64)
		Release|TwinCAT RT (x64) = Release|TwinCAT RT (x64)
		Release|TwinCAT RT (x86) = Release|TwinCAT RT (x86)
	EndGlobalSection
	GlobalSection(ProjectConfigurationPlatforms) = postSolution
		{48AB5A28-21AC-4029-9DB2-CA6B6B988A20}.Debug|TwinCAT HMI.ActiveCfg = Debug|TwinCAT HMI
		{48AB5A28-21AC-4029-9DB2-CA6B6B988A20}.Debug|TwinCAT HMI.Build.0 = Debug|TwinCAT HMI
		{48AB5A28-21AC-4029-9DB2-CA6B6B988A20}.Debug|TwinCAT OS (ARMV7-A).ActiveCfg = Debug|TwinCAT HMI
		{48AB5A28-21AC-4029-9DB2-CA6B6B988A20}.Debug|TwinCAT OS (ARMV7-A).Build.0 = Debug|TwinCAT HMI
		{48AB5A28-21AC-4029-9DB2-CA6B6B988A20}.Debug|TwinCAT OS (ARMV7-M).ActiveCfg = Debug|TwinCAT HMI
		{48AB5A28-21AC-4029-9DB2-CA6B6B988A20}.Debug|TwinCAT OS (ARMV7-M).Build.0 = Debug|TwinCAT HMI
		{48AB5A28-21AC-4029-9DB2-CA6B6B988A20}.Debug|TwinCAT OS (ARMV8-A).ActiveCfg = Debug|TwinCAT HMI
		{48AB5A28-21AC-4029-9DB2-CA6B6B988A20}.Debug|TwinCAT OS (ARMV8-A).Build.0 = Debug|TwinCAT HMI
		{48AB5A28-21AC-4029-9DB2-CA6B6B988A20}.Debug|TwinCAT OS (x64).ActiveCfg = Debug|TwinCAT HMI
		{48AB5A28-21AC-4029-9DB2-CA6B6B988A20}.Debug|TwinCAT OS (x64).Build.0 = Debug|TwinCAT HMI
		{48AB5A28-21AC-4029-9DB2-CA6B6B988A20}.Debug|TwinCAT RT (x64).ActiveCfg = Debug|TwinCAT HMI
		{48AB5A28-21AC-4029-9DB2-CA6B6B988A20}.Debug|TwinCAT RT (x64).Build.0 = Debug|TwinCAT HMI
		{48AB5A28-21AC-4029-9DB2-CA6B6B988A20}.Debug|TwinCAT RT (x86).ActiveCfg = Debug|TwinCAT HMI
		{48AB5A28-21AC-4029-9DB2-CA6B6B988A20}.Debug|TwinCAT RT (x86).Build.0 = Debug|TwinCAT HMI
		{48AB5A28-21AC-4029-9DB2-CA6B6B988A20}.Release|TwinCAT HMI.ActiveCfg = Release|TwinCAT HMI
		{48AB5A28-21AC-4029-9DB2-CA6B6B988A20}.Release|TwinCAT HMI.Build.0 = Release|TwinCAT HMI
		{48AB5A28-21AC-4029-9DB2-CA6B6B988A20}.Release|TwinCAT OS (ARMV7-A).ActiveCfg = Release|TwinCAT HMI
		{48AB5A28-21AC-4029-9DB2-CA6B6B988A20}.Release|TwinCAT OS (ARMV7-A).Build.0 = Release|TwinCAT HMI
		{48AB5A28-21AC-4029-9DB2-CA6B6B988A20}.Release|TwinCAT OS (ARMV7-M).ActiveCfg = Release|TwinCAT HMI
		{48AB5A28-21AC-4029-9DB2-CA6B6B988A20}.Release|TwinCAT OS (ARMV7-M).Build.0 = Release|TwinCAT HMI
		{48AB5A28-21AC-4029-9DB2-CA6B6B988A20}.Release|TwinCAT OS (ARMV8-A).ActiveCfg = Release|TwinCAT HMI
		{48AB5A28-21AC-4029-9DB2-CA6B6B988A20}.Release|TwinCAT OS (ARMV8-A).Build.0 = Release|TwinCAT HMI
		{48AB5A28-21AC-4029-9DB2-CA6B6B988A20}.Release|TwinCAT OS (x64).ActiveCfg = Release|TwinCAT HMI
		{48AB5A28-21AC-4029-9DB2-CA6B6B988A20}.Release|TwinCAT OS (x64).Build.0 = Release|TwinCAT HMI
		{48AB5A28-21AC-4029-9DB2-CA6B6B988A20}.Release|TwinCAT RT (x64).ActiveCfg = Release|TwinCAT HMI
		{48AB5A28-21AC-4029-9DB2-CA6B6B988A20}.Release|TwinCAT RT (x64).Build.0 = Release|TwinCAT HMI
		{48AB5A28-21AC-4029-9DB2-CA6B6B988A20}.Release|TwinCAT RT (x86).ActiveCfg = Release|TwinCAT HMI
		{48AB5A28-21AC-4029-9DB2-CA6B6B988A20}.Release|TwinCAT RT (x86).Build.0 = Release|TwinCAT HMI
		{A9746F03-88D5-4989-B68F-68172F3D0D6D}.Debug|TwinCAT HMI.ActiveCfg = Debug|TwinCAT HMI
		{A9746F03-88D5-4989-B68F-68172F3D0D6D}.Debug|TwinCAT HMI.Build.0 = Debug|TwinCAT HMI
		{A9746F03-88D5-4989-B68F-68172F3D0D6D}.Debug|TwinCAT OS (ARMV7-A).ActiveCfg = Debug|TwinCAT HMI
		{A9746F03-88D5-4989-B68F-68172F3D0D6D}.Debug|TwinCAT OS (ARMV7-A).Build.0 = Debug|TwinCAT HMI
		{A9746F03-88D5-4989-B68F-68172F3D0D6D}.Debug|TwinCAT OS (ARMV7-M).ActiveCfg = Debug|TwinCAT HMI
		{A9746F03-88D5-4989-B68F-68172F3D0D6D}.Debug|TwinCAT OS (ARMV7-M).Build.0 = Debug|TwinCAT HMI
		{A9746F03-88D5-4989-B68F-68172F3D0D6D}.Debug|TwinCAT OS (ARMV8-A).ActiveCfg = Debug|TwinCAT HMI
		{A9746F03-88D5-4989-B68F-68172F3D0D6D}.Debug|TwinCAT OS (ARMV8-A).Build.0 = Debug|TwinCAT HMI
		{A9746F03-88D5-4989-B68F-68172F3D0D6D}.Debug|TwinCAT OS (x64).ActiveCfg = Debug|TwinCAT HMI
		{A9746F03-88D5-4989-B68F-68172F3D0D6D}.Debug|TwinCAT OS (x64).Build.0 = Debug|TwinCAT HMI
		{A9746F03-88D5-4989-B68F-68172F3D0D6D}.Debug|TwinCAT RT (x64).ActiveCfg = Debug|TwinCAT HMI
		{A9746F03-88D5-4989-B68F-68172F3D0D6D}.Debug|TwinCAT RT (x64).Build.0 = Debug|TwinCAT HMI
		{A9746F03-88D5-4989-B68F-68172F3D0D6D}.Debug|TwinCAT RT (x86).ActiveCfg = Debug|TwinCAT HMI
		{A9746F03-88D5-4989-B68F-68172F3D0D6D}.Debug|TwinCAT RT (x86).Build.0 = Debug|TwinCAT HMI
		{A9746F03-88D5-4989-B68F-68172F3D0D6D}.Release|TwinCAT HMI.ActiveCfg = Release|TwinCAT HMI
		{A9746F03-88D5-4989-B68F-68172F3D0D6D}.Release|TwinCAT HMI.Build.0 = Release|TwinCAT HMI
		{A9746F03-88D5-4989-B68F-68172F3D0D6D}.Release|TwinCAT OS (ARMV7-A).ActiveCfg = Release|TwinCAT HMI
		{A9746F03-88D5-4989-B68F-68172F3D0D6D}.Release|TwinCAT OS (ARMV7-A).Build.0 = Release|TwinCAT HMI
		{A9746F03-88D5-4989-B68F-68172F3D0D6D}.Release|TwinCAT OS (ARMV7-M).ActiveCfg = Release|TwinCAT HMI
		{A9746F03-88D5-4989-B68F-68172F3D0D6D}.Release|TwinCAT OS (ARMV7-M).Build.0 = Release|TwinCAT HMI
		{A9746F03-88D5-4989-B68F-68172F3D0D6D}.Release|TwinCAT OS (ARMV8-A).ActiveCfg = Release|TwinCAT HMI
		{A9746F03-88D5-4989-B68F-68172F3D0D6D}.Release|TwinCAT OS (ARMV8-A).Build.0 = Release|TwinCAT HMI
		{A9746F03-88D5-4989-B68F-68172F3D0D6D}.Release|TwinCAT OS (x64).ActiveCfg = Release|TwinCAT HMI
		{A9746F03-88D5-4989-B68F-68172F3D0D6D}.Release|TwinCAT OS (x64).Build.0 = Release|TwinCAT HMI
		{A9746F03-88D5-4989-B68F-68172F3D0D6D}.Release|TwinCAT RT (x64).ActiveCfg = Release|TwinCAT HMI
		{A9746F03-88D5-4989-B68F-68172F3D0D6D}.Release|TwinCAT RT (x64).Build.0 = Release|TwinCAT HMI
		{A9746F03-88D5-4989-B68F-68172F3D0D6D}.Release|TwinCAT RT (x86).ActiveCfg = Release|TwinCAT HMI
		{A9746F03-88D5-4989-B68F-68172F3D0D6D}.Release|TwinCAT RT (x86).Build.0 = Release|TwinCAT HMI
		{D31B8C90-BD4F-5ABF-7402-F837977ABC94}.Debug|TwinCAT HMI.ActiveCfg = Debug|TwinCAT OS (x64)
		{D31B8C90-BD4F-5ABF-7402-F837977ABC94}.Debug|TwinCAT HMI.Build.0 = Debug|TwinCAT OS (x64)
		{D31B8C90-BD4F-5ABF-7402-F837977ABC94}.Debug|TwinCAT OS (ARMV7-A).ActiveCfg = Debug|TwinCAT OS (ARMV7-A)
		{D31B8C90-BD4F-5ABF-7402-F837977ABC94}.Debug|TwinCAT OS (ARMV7-A).Build.0 = Debug|TwinCAT OS (ARMV7-A)
		{D31B8C90-BD4F-5ABF-7402-F837977ABC94}.Debug|TwinCAT OS (ARMV7-M).ActiveCfg = Debug|TwinCAT OS (ARMV7-M)
		{D31B8C90-BD4F-5ABF-7402-F837977ABC94}.Debug|TwinCAT OS (ARMV7-M).Build.0 = Debug|TwinCAT OS (ARMV7-M)
		{D31B8C90-BD4F-5ABF-7402-F837977ABC94}.Debug|TwinCAT OS (ARMV8-A).ActiveCfg = Debug|TwinCAT OS (ARMV8-A)
		{D31B8C90-BD4F-5ABF-7402-F837977ABC94}.Debug|TwinCAT OS (ARMV8-A).Build.0 = Debug|TwinCAT OS (ARMV8-A)
		{D31B8C90-BD4F-5ABF-7402-F837977ABC94}.Debug|TwinCAT OS (x64).ActiveCfg = Debug|TwinCAT OS (x64)
		{D31B8C90-BD4F-5ABF-7402-F837977ABC94}.Debug|TwinCAT OS (x64).Build.0 = Debug|TwinCAT OS (x64)
		{D31B8C90-BD4F-5ABF-7402-F837977ABC94}.Debug|TwinCAT RT (x64).ActiveCfg = Debug|TwinCAT RT (x64)
		{D31B8C90-BD4F-5ABF-7402-F837977ABC94}.Debug|TwinCAT RT (x64).Build.0 = Debug|TwinCAT RT (x64)
		{D31B8C90-BD4F-5ABF-7402-F837977ABC94}.Debug|TwinCAT RT (x86).ActiveCfg = Debug|TwinCAT RT (x86)
		{D31B8C90-BD4F-5ABF-7402-F837977ABC94}.Debug|TwinCAT RT (x86).Build.0 = Debug|TwinCAT RT (x86)
		{D31B8C90-BD4F-5ABF-7402-F837977ABC94}.Release|TwinCAT HMI.ActiveCfg = Release|TwinCAT OS (x64)
		{D31B8C90-BD4F-5ABF-7402-F837977ABC94}.Release|TwinCAT HMI.Build.0 = Release|TwinCAT OS (x64)
		{D31B8C90-BD4F-5ABF-7402-F837977ABC94}.Release|TwinCAT OS (ARMV7-A).ActiveCfg = Release|TwinCAT OS (ARMV7-A)
		{D31B8C90-BD4F-5ABF-7402-F837977ABC94}.Release|TwinCAT OS (ARMV7-A).Build.0 = Release|TwinCAT OS (ARMV7-A)
		{D31B8C90-BD4F-5ABF-7402-F837977ABC94}.Release|TwinCAT OS (ARMV7-M).ActiveCfg = Release|TwinCAT OS (ARMV7-M)
		{D31B8C90-BD4F-5ABF-7402-F837977ABC94}.Release|TwinCAT OS (ARMV7-M).Build.0 = Release|TwinCAT OS (ARMV7-M)
		{D31B8C90-BD4F-5ABF-7402-F837977ABC94}.Release|TwinCAT OS (ARMV8-A).ActiveCfg = Release|TwinCAT OS (ARMV8-A)
		{D31B8C90-BD4F-5ABF-7402-F837977ABC94}.Release|TwinCAT OS (ARMV8-A).Build.0 = Release|TwinCAT OS (ARMV8-A)
		{D31B8C90-BD4F-5ABF-7402-F837977ABC94}.Release|TwinCAT OS (x64).ActiveCfg = Release|TwinCAT OS (x64)
		{D31B8C90-BD4F-5ABF-7402-F837977ABC94}.Release|TwinCAT OS (x64).Build.0 = Release|TwinCAT OS (x64)
		{D31B8C90-BD4F-5ABF-7402-F837977ABC94}.Release|TwinCAT RT (x64).ActiveCfg = Release|TwinCAT RT (x64)
		{D31B8C90-BD4F-5ABF-7402-F837977ABC94}.Release|TwinCAT RT (x64).Build.0 = Release|TwinCAT RT (x64)
		{D31B8C90-BD4F-5ABF-7402-F837977ABC94}.Release|TwinCAT RT (x86).ActiveCfg = Release|TwinCAT RT (x86)
		{D31B8C90-BD4F-5ABF-7402-F837977ABC94}.Release|TwinCAT RT (x86).Build.0 = Release|TwinCAT RT (x86)
		{DD6C0828-61CB-4050-959B-21C8AC2F6489}.Debug|TwinCAT HMI.ActiveCfg = Debug|TwinCAT OS (x64)
		{DD6C0828-61CB-4050-959B-21C8AC2F6489}.Debug|TwinCAT HMI.Build.0 = Debug|TwinCAT OS (x64)
		{DD6C0828-61CB-4050-959B-21C8AC2F6489}.Debug|TwinCAT OS (ARMV7-A).ActiveCfg = Debug|TwinCAT OS (ARMV7-A)
		{DD6C0828-61CB-4050-959B-21C8AC2F6489}.Debug|TwinCAT OS (ARMV7-A).Build.0 = Debug|TwinCAT OS (ARMV7-A)
		{DD6C0828-61CB-4050-959B-21C8AC2F6489}.Debug|TwinCAT OS (ARMV7-M).ActiveCfg = Debug|TwinCAT OS (ARMV7-M)
		{DD6C0828-61CB-4050-959B-21C8AC2F6489}.Debug|TwinCAT OS (ARMV7-M).Build.0 = Debug|TwinCAT OS (ARMV7-M)
		{DD6C0828-61CB-4050-959B-21C8AC2F6489}.Debug|TwinCAT OS (ARMV8-A).ActiveCfg = Debug|TwinCAT OS (ARMV8-A)
		{DD6C0828-61CB-4050-959B-21C8AC2F6489}.Debug|TwinCAT OS (ARMV8-A).Build.0 = Debug|TwinCAT OS (ARMV8-A)
		{DD6C0828-61CB-4050-959B-21C8AC2F6489}.Debug|TwinCAT OS (x64).ActiveCfg = Debug|TwinCAT OS (x64)
		{DD6C0828-61CB-4050-959B-21C8AC2F6489}.Debug|TwinCAT OS (x64).Build.0 = Debug|TwinCAT OS (x64)
		{DD6C0828-61CB-4050-959B-21C8AC2F6489}.Debug|TwinCAT RT (x64).ActiveCfg = Debug|TwinCAT RT (x64)
		{DD6C0828-61CB-4050-959B-21C8AC2F6489}.Debug|TwinCAT RT (x64).Build.0 = Debug|TwinCAT RT (x64)
		{DD6C0828-61CB-4050-959B-21C8AC2F6489}.Debug|TwinCAT RT (x86).ActiveCfg = Debug|TwinCAT RT (x86)
		{DD6C0828-61CB-4050-959B-21C8AC2F6489}.Debug|TwinCAT RT (x86).Build.0 = Debug|TwinCAT RT (x86)
		{DD6C0828-61CB-4050-959B-21C8AC2F6489}.Release|TwinCAT HMI.ActiveCfg = Release|TwinCAT OS (x64)
		{DD6C0828-61CB-4050-959B-21C8AC2F6489}.Release|TwinCAT HMI.Build.0 = Release|TwinCAT OS (x64)
		{DD6C0828-61CB-4050-959B-21C8AC2F6489}.Release|TwinCAT OS (ARMV7-A).ActiveCfg = Release|TwinCAT OS (ARMV7-A)
		{DD6C0828-61CB-4050-959B-21C8AC2F6489}.Release|TwinCAT OS (ARMV7-A).Build.0 = Release|TwinCAT OS (ARMV7-A)
		{DD6C0828-61CB-4050-959B-21C8AC2F6489}.Release|TwinCAT OS (ARMV7-M).ActiveCfg = Release|TwinCAT OS (ARMV7-M)
		{DD6C0828-61CB-4050-959B-21C8AC2F6489}.Release|TwinCAT OS (ARMV7-M).Build.0 = Release|TwinCAT OS (ARMV7-M)
		{DD6C0828-61CB-4050-959B-21C8AC2F6489}.Release|TwinCAT OS (ARMV8-A).ActiveCfg = Release|TwinCAT OS (ARMV8-A)
		{DD6C0828-61CB-4050-959B-21C8AC2F6489}.Release|TwinCAT OS (ARMV8-A).Build.0 = Release|TwinCAT OS (ARMV8-A)
		{DD6C0828-61CB-4050-959B-21C8AC2F6489}.Release|TwinCAT OS (x64).ActiveCfg = Release|TwinCAT OS (x64)
		{DD6C0828-61CB-4050-959B-21C8AC2F6489}.Release|TwinCAT OS (x64).Build.0 = Release|TwinCAT OS (x64)
		{DD6C0828-61CB-4050-959B-21C8AC2F6489}.Release|TwinCAT RT (x64).ActiveCfg = Release|TwinCAT RT (x64)
		{DD6C0828-61CB-4050-959B-21C8AC2F6489}.Release|TwinCAT RT (x64).Build.0 = Release|TwinCAT RT (x64)
		{DD6C0828-61CB-4050-959B-21C8AC2F6489}.Release|TwinCAT RT (x86).ActiveCfg = Release|TwinCAT RT (x86)
		{DD6C0828-61CB-4050-959B-21C8AC2F6489}.Release|TwinCAT RT (x86).Build.0 = Release|TwinCAT RT (x86)
	EndGlobalSection
	GlobalSection(SolutionProperties) = preSolution
		HideSolutionNode = FALSE
	EndGlobalSection
	GlobalSection(ExtensibilityGlobals) = postSolution
		SolutionGuid = {C9B465C2-5253-4AB7-8E76-D53DCF5C1581}
	EndGlobalSection
EndGlobal
